{
  "name": "clientapp",
  "version": "1.0.0",
  "lockfileVersion": 2,
  "requires": true,
  "packages": {
    "": {
      "name": "clientapp",
      "version": "1.0.0",
      "license": "ISC",
      "dependencies": {
        "emulator-hub": "file:../../pkg-node"
      }
    },
    "../../pkg-node": {
      "version": "0.1.0"
    },
    "../pkg": {
      "name": "emulator-hub",
      "version": "0.1.0",
      "extraneous": true
    },
    "../pkg-node": {
      "version": "0.1.0",
      "extraneous": true
    },
    "node_modules/emulator-hub": {
      "resolved": "../../pkg-node",
      "link": true
    }
  },
  "dependencies": {
    "emulator-hub": {
      "version": "file:../../pkg-node"
    }
  }
}
